github.com/Sirupsen/logrus #8bca2664072173a3c71db4c28ca8d304079b1787
github.com/bitly/go-simplejson #18db6e68d8fd9cbf2e8ebe4c81a78b96fd9bf05a
github.com/bugsnag/bugsnag-go #13fd6b8acda029830ef9904df6b63be0a83369d0
github.com/bugsnag/osext #0dd3f918b21bec95ace9dc86c7e70266cfc5c702
github.com/bugsnag/panicwrap #e5f9854865b9778a45169fc249e99e338d4d6f27
github.com/carbocation/go-instagram #43babd919c8d06d20f44f466ebd4094070f4261f
github.com/cihangir/neo4j #da0f3ffca5b3ebafaac6284af378baff0ebf8725
github.com/fatih/structs #a9f7daa9c2729e97450c2da2feda19130a367d8f
github.com/garyburd/redigo #a47585eaae68b1d14b02940d2af1b9194f3caa9c
github.com/getsentry/raven-go #74c334d7b8aaa4fd1b4fc6aa428c36fed1699e28
github.com/jrallison/go-workers #a5368356aa61a226ca34f130ea9c312eda3d8d25
github.com/maggit/go-instagram/instagram #1b7258747558e200ae3820ea6819e4c081e962ba
github.com/tobi/airbrake-go #5b5e269e1bc398d43f67e43dafff3414a59cd5a2
